
Microsoft Visual Studio Solution File, Format Version 11.00
# Visual C# Express 2010
Project("{FAE04EC0-301F-11D3-BF4B-00C04F79EFBC}") = "ProjectZWindows", "ProjectZWindows\ProjectZWindows\ProjectZWindows.csproj", "{C51A05DA-A278-4E8C-84D7-E64D06BF510E}"
EndProject
Project("{96E2B04D-8817-42C6-938A-82C39BA4D311}") = "ProjectZWindowsContent", "ProjectZWindows\ProjectZWindowsContent\ProjectZWindowsContent.contentproj", "{DE6DE002-CDA1-4298-8561-C08B5088C7EE}"
EndProject
Global
	GlobalSection(SolutionConfigurationPlatforms) = preSolution
		Debug|x86 = Debug|x86
		Release|x86 = Release|x86
	EndGlobalSection
	GlobalSection(ProjectConfigurationPlatforms) = postSolution
		{C51A05DA-A278-4E8C-84D7-E64D06BF510E}.Debug|x86.ActiveCfg = Debug|x86
		{C51A05DA-A278-4E8C-84D7-E64D06BF510E}.Debug|x86.Build.0 = Debug|x86
		{C51A05DA-A278-4E8C-84D7-E64D06BF510E}.Release|x86.ActiveCfg = Release|x86
		{C51A05DA-A278-4E8C-84D7-E64D06BF510E}.Release|x86.Build.0 = Release|x86
		{DE6DE002-CDA1-4298-8561-C08B5088C7EE}.Debug|x86.ActiveCfg = Debug|x86
		{DE6DE002-CDA1-4298-8561-C08B5088C7EE}.Release|x86.ActiveCfg = Release|x86
	EndGlobalSection
	GlobalSection(SolutionProperties) = preSolution
		HideSolutionNode = FALSE
	EndGlobalSection
EndGlobal
